// !$*UTF8*$!
{
	archiveVersion = 1;
	classes = {
	};
	objectVersion = 46;
	objects = {

/* Begin PBXBuildFile section */
		A451FF211EF8E8540092B699 /* Assets.xcassets in Resources */ = {isa = PBXBuildFile; fileRef = A4CD4FAB1EF814720029923A /* Assets.xcassets */; };
		A451FF221EF8E8630092B699 /* Assets.xcassets in Resources */ = {isa = PBXBuildFile; fileRef = A4CD4FAB1EF814720029923A /* Assets.xcassets */; };
		A4CD4F751EF814400029923A /* main.m in Sources */ = {isa = PBXBuildFile; fileRef = A4CD4F741EF814400029923A /* main.m */; };
		A4CD4F8E1EF814400029923A /* SiriKitSimpleTests.m in Sources */ = {isa = PBXBuildFile; fileRef = A4CD4F8D1EF814400029923A /* SiriKitSimpleTests.m */; };
		A4CD4F991EF814400029923A /* SiriKitSimpleUITests.m in Sources */ = {isa = PBXBuildFile; fileRef = A4CD4F981EF814400029923A /* SiriKitSimpleUITests.m */; };
		A4CD4FAF1EF814720029923A /* AppDelegate.m in Sources */ = {isa = PBXBuildFile; fileRef = A4CD4FA91EF814720029923A /* AppDelegate.m */; };
		A4CD4FB01EF814720029923A /* Assets.xcassets in Resources */ = {isa = PBXBuildFile; fileRef = A4CD4FAB1EF814720029923A /* Assets.xcassets */; };
		A4CD4FB11EF814720029923A /* LaunchScreen.storyboard in Resources */ = {isa = PBXBuildFile; fileRef = A4CD4FAC1EF814720029923A /* LaunchScreen.storyboard */; };
		A4CD4FB21EF814720029923A /* Info.plist in Resources */ = {isa = PBXBuildFile; fileRef = A4CD4FAE1EF814720029923A /* Info.plist */; };
		A4CD4FB71EF814B30029923A /* SiriKitViewController.m in Sources */ = {isa = PBXBuildFile; fileRef = A4CD4FB61EF814B30029923A /* SiriKitViewController.m */; };
		A4CD4FC01EF818300029923A /* IntentHandler.m in Sources */ = {isa = PBXBuildFile; fileRef = A4CD4FBF1EF818300029923A /* IntentHandler.m */; };
		A4CD4FC91EF818310029923A /* IntentsUI.framework in Frameworks */ = {isa = PBXBuildFile; fileRef = A4CD4FC81EF818310029923A /* IntentsUI.framework */; };
		A4CD4FCD1EF818310029923A /* IntentViewController.m in Sources */ = {isa = PBXBuildFile; fileRef = A4CD4FCC1EF818310029923A /* IntentViewController.m */; };
		A4CD4FD01EF818310029923A /* MainInterface.storyboard in Resources */ = {isa = PBXBuildFile; fileRef = A4CD4FCE1EF818310029923A /* MainInterface.storyboard */; };
		A4CD4FD41EF818310029923A /* SiriKitIntentsExtensionUI.appex in Embed App Extensions */ = {isa = PBXBuildFile; fileRef = A4CD4FC61EF818310029923A /* SiriKitIntentsExtensionUI.appex */; settings = {ATTRIBUTES = (RemoveHeadersOnCopy, ); }; };
		A4CD4FD71EF818310029923A /* SiriKitIntentsExtension.appex in Embed App Extensions */ = {isa = PBXBuildFile; fileRef = A4CD4FBC1EF818300029923A /* SiriKitIntentsExtension.appex */; settings = {ATTRIBUTES = (RemoveHeadersOnCopy, ); }; };
		A4CD4FE21EF819BE0029923A /* UserList.m in Sources */ = {isa = PBXBuildFile; fileRef = A4CD4FE11EF819BE0029923A /* UserList.m */; };
		A4CD4FE61EF8268D0029923A /* NSString+PinYin.m in Sources */ = {isa = PBXBuildFile; fileRef = A4CD4FE51EF8268D0029923A /* NSString+PinYin.m */; };
		A4CD4FEB1EF82CFF0029923A /* NSString+PinYin.m in Sources */ = {isa = PBXBuildFile; fileRef = A4CD4FE51EF8268D0029923A /* NSString+PinYin.m */; };
		A4CD4FEC1EF82CFF0029923A /* UserList.m in Sources */ = {isa = PBXBuildFile; fileRef = A4CD4FE11EF819BE0029923A /* UserList.m */; };
		A4CD4FED1EF82D090029923A /* NSString+PinYin.m in Sources */ = {isa = PBXBuildFile; fileRef = A4CD4FE51EF8268D0029923A /* NSString+PinYin.m */; };
		A4CD4FEE1EF82D090029923A /* UserList.m in Sources */ = {isa = PBXBuildFile; fileRef = A4CD4FE11EF819BE0029923A /* UserList.m */; };
/* End PBXBuildFile section */

/* Begin PBXContainerItemProxy section */
		A4CD4F8A1EF814400029923A /* PBXContainerItemProxy */ = {
			isa = PBXContainerItemProxy;
			containerPortal = A4CD4F681EF814400029923A /* Project object */;
			proxyType = 1;
			remoteGlobalIDString = A4CD4F6F1EF814400029923A;
			remoteInfo = SiriKitSimple;
		};
		A4CD4F951EF814400029923A /* PBXContainerItemProxy */ = {
			isa = PBXContainerItemProxy;
			containerPortal = A4CD4F681EF814400029923A /* Project object */;
			proxyType = 1;
			remoteGlobalIDString = A4CD4F6F1EF814400029923A;
			remoteInfo = SiriKitSimple;
		};
		A4CD4FD21EF818310029923A /* PBXContainerItemProxy */ = {
			isa = PBXContainerItemProxy;
			containerPortal = A4CD4F681EF814400029923A /* Project object */;
			proxyType = 1;
			remoteGlobalIDString = A4CD4FC51EF818310029923A;
			remoteInfo = SiriKitIntentsExtensionUI;
		};
		A4CD4FD51EF818310029923A /* PBXContainerItemProxy */ = {
			isa = PBXContainerItemProxy;
			containerPortal = A4CD4F681EF814400029923A /* Project object */;
			proxyType = 1;
			remoteGlobalIDString = A4CD4FBB1EF818300029923A;
			remoteInfo = SiriKitIntentsExtension;
		};
/* End PBXContainerItemProxy section */

/* Begin PBXCopyFilesBuildPhase section */
		A4CD4FDE1EF818310029923A /* Embed App Extensions */ = {
			isa = PBXCopyFilesBuildPhase;
			buildActionMask = 2147483647;
			dstPath = "";
			dstSubfolderSpec = 13;
			files = (
				A4CD4FD71EF818310029923A /* SiriKitIntentsExtension.appex in Embed App Extensions */,
				A4CD4FD41EF818310029923A /* SiriKitIntentsExtensionUI.appex in Embed App Extensions */,
			);
			name = "Embed App Extensions";
			runOnlyForDeploymentPostprocessing = 0;
		};
/* End PBXCopyFilesBuildPhase section */

/* Begin PBXFileReference section */
		A4CD4F701EF814400029923A /* SiriKitSimple.app */ = {isa = PBXFileReference; explicitFileType = wrapper.application; includeInIndex = 0; path = SiriKitSimple.app; sourceTree = BUILT_PRODUCTS_DIR; };
		A4CD4F741EF814400029923A /* main.m */ = {isa = PBXFileReference; lastKnownFileType = sourcecode.c.objc; path = main.m; sourceTree = "<group>"; };
		A4CD4F891EF814400029923A /* SiriKitSimpleTests.xctest */ = {isa = PBXFileReference; explicitFileType = wrapper.cfbundle; includeInIndex = 0; path = SiriKitSimpleTests.xctest; sourceTree = BUILT_PRODUCTS_DIR; };
		A4CD4F8D1EF814400029923A /* SiriKitSimpleTests.m */ = {isa = PBXFileReference; lastKnownFileType = sourcecode.c.objc; path = SiriKitSimpleTests.m; sourceTree = "<group>"; };
		A4CD4F8F1EF814400029923A /* Info.plist */ = {isa = PBXFileReference; lastKnownFileType = text.plist.xml; path = Info.plist; sourceTree = "<group>"; };
		A4CD4F941EF814400029923A /* SiriKitSimpleUITests.xctest */ = {isa = PBXFileReference; explicitFileType = wrapper.cfbundle; includeInIndex = 0; path = SiriKitSimpleUITests.xctest; sourceTree = BUILT_PRODUCTS_DIR; };
		A4CD4F981EF814400029923A /* SiriKitSimpleUITests.m */ = {isa = PBXFileReference; lastKnownFileType = sourcecode.c.objc; path = SiriKitSimpleUITests.m; sourceTree = "<group>"; };
		A4CD4F9A1EF814400029923A /* Info.plist */ = {isa = PBXFileReference; lastKnownFileType = text.plist.xml; path = Info.plist; sourceTree = "<group>"; };
		A4CD4FA81EF814720029923A /* AppDelegate.h */ = {isa = PBXFileReference; fileEncoding = 4; lastKnownFileType = sourcecode.c.h; path = AppDelegate.h; sourceTree = "<group>"; };
		A4CD4FA91EF814720029923A /* AppDelegate.m */ = {isa = PBXFileReference; fileEncoding = 4; lastKnownFileType = sourcecode.c.objc; path = AppDelegate.m; sourceTree = "<group>"; };
		A4CD4FAB1EF814720029923A /* Assets.xcassets */ = {isa = PBXFileReference; lastKnownFileType = folder.assetcatalog; path = Assets.xcassets; sourceTree = "<group>"; };
		A4CD4FAD1EF814720029923A /* Base */ = {isa = PBXFileReference; lastKnownFileType = file.storyboard; name = Base; path = Base.lproj/LaunchScreen.storyboard; sourceTree = "<group>"; };
		A4CD4FAE1EF814720029923A /* Info.plist */ = {isa = PBXFileReference; fileEncoding = 4; lastKnownFileType = text.plist.xml; path = Info.plist; sourceTree = "<group>"; };
		A4CD4FB51EF814B30029923A /* SiriKitViewController.h */ = {isa = PBXFileReference; fileEncoding = 4; lastKnownFileType = sourcecode.c.h; path = SiriKitViewController.h; sourceTree = "<group>"; };
		A4CD4FB61EF814B30029923A /* SiriKitViewController.m */ = {isa = PBXFileReference; fileEncoding = 4; lastKnownFileType = sourcecode.c.objc; path = SiriKitViewController.m; sourceTree = "<group>"; };
		A4CD4FBC1EF818300029923A /* SiriKitIntentsExtension.appex */ = {isa = PBXFileReference; explicitFileType = "wrapper.app-extension"; includeInIndex = 0; path = SiriKitIntentsExtension.appex; sourceTree = BUILT_PRODUCTS_DIR; };
		A4CD4FBE1EF818300029923A /* IntentHandler.h */ = {isa = PBXFileReference; lastKnownFileType = sourcecode.c.h; path = IntentHandler.h; sourceTree = "<group>"; };
		A4CD4FBF1EF818300029923A /* IntentHandler.m */ = {isa = PBXFileReference; lastKnownFileType = sourcecode.c.objc; path = IntentHandler.m; sourceTree = "<group>"; };
		A4CD4FC11EF818300029923A /* Info.plist */ = {isa = PBXFileReference; lastKnownFileType = text.plist.xml; path = Info.plist; sourceTree = "<group>"; };
		A4CD4FC61EF818310029923A /* SiriKitIntentsExtensionUI.appex */ = {isa = PBXFileReference; explicitFileType = "wrapper.app-extension"; includeInIndex = 0; path = SiriKitIntentsExtensionUI.appex; sourceTree = BUILT_PRODUCTS_DIR; };
		A4CD4FC81EF818310029923A /* IntentsUI.framework */ = {isa = PBXFileReference; lastKnownFileType = wrapper.framework; name = IntentsUI.framework; path = System/Library/Frameworks/IntentsUI.framework; sourceTree = SDKROOT; };
		A4CD4FCB1EF818310029923A /* IntentViewController.h */ = {isa = PBXFileReference; lastKnownFileType = sourcecode.c.h; path = IntentViewController.h; sourceTree = "<group>"; };
		A4CD4FCC1EF818310029923A /* IntentViewController.m */ = {isa = PBXFileReference; lastKnownFileType = sourcecode.c.objc; path = IntentViewController.m; sourceTree = "<group>"; };
		A4CD4FCF1EF818310029923A /* Base */ = {isa = PBXFileReference; lastKnownFileType = file.storyboard; name = Base; path = Base.lproj/MainInterface.storyboard; sourceTree = "<group>"; };
		A4CD4FD11EF818310029923A /* Info.plist */ = {isa = PBXFileReference; lastKnownFileType = text.plist.xml; path = Info.plist; sourceTree = "<group>"; };
		A4CD4FE01EF819BE0029923A /* UserList.h */ = {isa = PBXFileReference; fileEncoding = 4; lastKnownFileType = sourcecode.c.h; path = UserList.h; sourceTree = "<group>"; };
		A4CD4FE11EF819BE0029923A /* UserList.m */ = {isa = PBXFileReference; fileEncoding = 4; lastKnownFileType = sourcecode.c.objc; path = UserList.m; sourceTree = "<group>"; };
		A4CD4FE41EF8268D0029923A /* NSString+PinYin.h */ = {isa = PBXFileReference; fileEncoding = 4; lastKnownFileType = sourcecode.c.h; path = "NSString+PinYin.h"; sourceTree = "<group>"; };
		A4CD4FE51EF8268D0029923A /* NSString+PinYin.m */ = {isa = PBXFileReference; fileEncoding = 4; lastKnownFileType = sourcecode.c.objc; path = "NSString+PinYin.m"; sourceTree = "<group>"; };
/* End PBXFileReference section */

/* Begin PBXFrameworksBuildPhase section */
		A4CD4F6D1EF814400029923A /* Frameworks */ = {
			isa = PBXFrameworksBuildPhase;
			buildActionMask = 2147483647;
			files = (
			);
			runOnlyForDeploymentPostprocessing = 0;
		};
		A4CD4F861EF814400029923A /* Frameworks */ = {
			isa = PBXFrameworksBuildPhase;
			buildActionMask = 2147483647;
			files = (
			);
			runOnlyForDeploymentPostprocessing = 0;
		};
		A4CD4F911EF814400029923A /* Frameworks */ = {
			isa = PBXFrameworksBuildPhase;
			buildActionMask = 2147483647;
			files = (
			);
			runOnlyForDeploymentPostprocessing = 0;
		};
		A4CD4FB91EF818300029923A /* Frameworks */ = {
			isa = PBXFrameworksBuildPhase;
			buildActionMask = 2147483647;
			files = (
			);
			runOnlyForDeploymentPostprocessing = 0;
		};
		A4CD4FC31EF818310029923A /* Frameworks */ = {
			isa = PBXFrameworksBuildPhase;
			buildActionMask = 2147483647;
			files = (
				A4CD4FC91EF818310029923A /* IntentsUI.framework in Frameworks */,
			);
			runOnlyForDeploymentPostprocessing = 0;
		};
/* End PBXFrameworksBuildPhase section */

/* Begin PBXGroup section */
		A4CD4F671EF814400029923A = {
			isa = PBXGroup;
			children = (
				A4CD4F721EF814400029923A /* SiriKitSimple */,
				A4CD4F8C1EF814400029923A /* SiriKitSimpleTests */,
				A4CD4F971EF814400029923A /* SiriKitSimpleUITests */,
				A4CD4FBD1EF818300029923A /* SiriKitIntentsExtension */,
				A4CD4FCA1EF818310029923A /* SiriKitIntentsExtensionUI */,
				A4CD4FC71EF818310029923A /* Frameworks */,
				A4CD4F711EF814400029923A /* Products */,
			);
			sourceTree = "<group>";
		};
		A4CD4F711EF814400029923A /* Products */ = {
			isa = PBXGroup;
			children = (
				A4CD4F701EF814400029923A /* SiriKitSimple.app */,
				A4CD4F891EF814400029923A /* SiriKitSimpleTests.xctest */,
				A4CD4F941EF814400029923A /* SiriKitSimpleUITests.xctest */,
				A4CD4FBC1EF818300029923A /* SiriKitIntentsExtension.appex */,
				A4CD4FC61EF818310029923A /* SiriKitIntentsExtensionUI.appex */,
			);
			name = Products;
			sourceTree = "<group>";
		};
		A4CD4F721EF814400029923A /* SiriKitSimple */ = {
			isa = PBXGroup;
			children = (
				A4CD4FA61EF814720029923A /* Module */,
				A4CD4FAA1EF814720029923A /* Resource */,
				A4CD4F731EF814400029923A /* Supporting Files */,
			);
			path = SiriKitSimple;
			sourceTree = "<group>";
		};
		A4CD4F731EF814400029923A /* Supporting Files */ = {
			isa = PBXGroup;
			children = (
				A4CD4F741EF814400029923A /* main.m */,
			);
			name = "Supporting Files";
			sourceTree = "<group>";
		};
		A4CD4F8C1EF814400029923A /* SiriKitSimpleTests */ = {
			isa = PBXGroup;
			children = (
				A4CD4F8D1EF814400029923A /* SiriKitSimpleTests.m */,
				A4CD4F8F1EF814400029923A /* Info.plist */,
			);
			path = SiriKitSimpleTests;
			sourceTree = "<group>";
		};
		A4CD4F971EF814400029923A /* SiriKitSimpleUITests */ = {
			isa = PBXGroup;
			children = (
				A4CD4F981EF814400029923A /* SiriKitSimpleUITests.m */,
				A4CD4F9A1EF814400029923A /* Info.plist */,
			);
			path = SiriKitSimpleUITests;
			sourceTree = "<group>";
		};
		A4CD4FA61EF814720029923A /* Module */ = {
			isa = PBXGroup;
			children = (
				A4CD4FE31EF8267A0029923A /* NSString+PinYin */,
				A4CD4FA71EF814720029923A /* AppDelegate */,
				A4CD4FB31EF814A60029923A /* Siri */,
			);
			path = Module;
			sourceTree = "<group>";
		};
		A4CD4FA71EF814720029923A /* AppDelegate */ = {
			isa = PBXGroup;
			children = (
				A4CD4FA81EF814720029923A /* AppDelegate.h */,
				A4CD4FA91EF814720029923A /* AppDelegate.m */,
			);
			path = AppDelegate;
			sourceTree = "<group>";
		};
		A4CD4FAA1EF814720029923A /* Resource */ = {
			isa = PBXGroup;
			children = (
				A4CD4FAB1EF814720029923A /* Assets.xcassets */,
				A4CD4FAC1EF814720029923A /* LaunchScreen.storyboard */,
				A4CD4FAE1EF814720029923A /* Info.plist */,
			);
			path = Resource;
			sourceTree = "<group>";
		};
		A4CD4FB31EF814A60029923A /* Siri */ = {
			isa = PBXGroup;
			children = (
				A4CD4FB41EF814A60029923A /* Controller */,
				A4CD4FDF1EF8198E0029923A /* Model */,
			);
			path = Siri;
			sourceTree = "<group>";
		};
		A4CD4FB41EF814A60029923A /* Controller */ = {
			isa = PBXGroup;
			children = (
				A4CD4FB51EF814B30029923A /* SiriKitViewController.h */,
				A4CD4FB61EF814B30029923A /* SiriKitViewController.m */,
			);
			path = Controller;
			sourceTree = "<group>";
		};
		A4CD4FBD1EF818300029923A /* SiriKitIntentsExtension */ = {
			isa = PBXGroup;
			children = (
				A4CD4FBE1EF818300029923A /* IntentHandler.h */,
				A4CD4FBF1EF818300029923A /* IntentHandler.m */,
				A4CD4FC11EF818300029923A /* Info.plist */,
			);
			path = SiriKitIntentsExtension;
			sourceTree = "<group>";
		};
		A4CD4FC71EF818310029923A /* Frameworks */ = {
			isa = PBXGroup;
			children = (
				A4CD4FC81EF818310029923A /* IntentsUI.framework */,
			);
			name = Frameworks;
			sourceTree = "<group>";
		};
		A4CD4FCA1EF818310029923A /* SiriKitIntentsExtensionUI */ = {
			isa = PBXGroup;
			children = (
				A4CD4FCB1EF818310029923A /* IntentViewController.h */,
				A4CD4FCC1EF818310029923A /* IntentViewController.m */,
				A4CD4FCE1EF818310029923A /* MainInterface.storyboard */,
				A4CD4FD11EF818310029923A /* Info.plist */,
			);
			path = SiriKitIntentsExtensionUI;
			sourceTree = "<group>";
		};
		A4CD4FDF1EF8198E0029923A /* Model */ = {
			isa = PBXGroup;
			children = (
				A4CD4FE01EF819BE0029923A /* UserList.h */,
				A4CD4FE11EF819BE0029923A /* UserList.m */,
			);
			path = Model;
			sourceTree = "<group>";
		};
		A4CD4FE31EF8267A0029923A /* NSString+PinYin */ = {
			isa = PBXGroup;
			children = (
				A4CD4FE41EF8268D0029923A /* NSString+PinYin.h */,
				A4CD4FE51EF8268D0029923A /* NSString+PinYin.m */,
			);
			path = "NSString+PinYin";
			sourceTree = "<group>";
		};
/* End PBXGroup section */

/* Begin PBXNativeTarget section */
		A4CD4F6F1EF814400029923A /* SiriKitSimple */ = {
			isa = PBXNativeTarget;
			buildConfigurationList = A4CD4F9D1EF814400029923A /* Build configuration list for PBXNativeTarget "SiriKitSimple" */;
			buildPhases = (
				A4CD4F6C1EF814400029923A /* Sources */,
				A4CD4F6D1EF814400029923A /* Frameworks */,
				A4CD4F6E1EF814400029923A /* Resources */,
				A4CD4FDE1EF818310029923A /* Embed App Extensions */,
			);
			buildRules = (
			);
			dependencies = (
				A4CD4FD31EF818310029923A /* PBXTargetDependency */,
				A4CD4FD61EF818310029923A /* PBXTargetDependency */,
			);
			name = SiriKitSimple;
			productName = SiriKitSimple;
			productReference = A4CD4F701EF814400029923A /* SiriKitSimple.app */;
			productType = "com.apple.product-type.application";
		};
		A4CD4F881EF814400029923A /* SiriKitSimpleTests */ = {
			isa = PBXNativeTarget;
			buildConfigurationList = A4CD4FA01EF814400029923A /* Build configuration list for PBXNativeTarget "SiriKitSimpleTests" */;
			buildPhases = (
				A4CD4F851EF814400029923A /* Sources */,
				A4CD4F861EF814400029923A /* Frameworks */,
				A4CD4F871EF814400029923A /* Resources */,
			);
			buildRules = (
			);
			dependencies = (
				A4CD4F8B1EF814400029923A /* PBXTargetDependency */,
			);
			name = SiriKitSimpleTests;
			productName = SiriKitSimpleTests;
			productReference = A4CD4F891EF814400029923A /* SiriKitSimpleTests.xctest */;
			productType = "com.apple.product-type.bundle.unit-test";
		};
		A4CD4F931EF814400029923A /* SiriKitSimpleUITests */ = {
			isa = PBXNativeTarget;
			buildConfigurationList = A4CD4FA31EF814400029923A /* Build configuration list for PBXNativeTarget "SiriKitSimpleUITests" */;
			buildPhases = (
				A4CD4F901EF814400029923A /* Sources */,
				A4CD4F911EF814400029923A /* Frameworks */,
				A4CD4F921EF814400029923A /* Resources */,
			);
			buildRules = (
			);
			dependencies = (
				A4CD4F961EF814400029923A /* PBXTargetDependency */,
			);
			name = SiriKitSimpleUITests;
			productName = SiriKitSimpleUITests;
			productReference = A4CD4F941EF814400029923A /* SiriKitSimpleUITests.xctest */;
			productType = "com.apple.product-type.bundle.ui-testing";
		};
		A4CD4FBB1EF818300029923A /* SiriKitIntentsExtension */ = {
			isa = PBXNativeTarget;
			buildConfigurationList = A4CD4FDB1EF818310029923A /* Build configuration list for PBXNativeTarget "SiriKitIntentsExtension" */;
			buildPhases = (
				A4CD4FB81EF818300029923A /* Sources */,
				A4CD4FB91EF818300029923A /* Frameworks */,
				A4CD4FBA1EF818300029923A /* Resources */,
			);
			buildRules = (
			);
			dependencies = (
			);
			name = SiriKitIntentsExtension;
			productName = SiriKitIntentsExtension;
			productReference = A4CD4FBC1EF818300029923A /* SiriKitIntentsExtension.appex */;
			productType = "com.apple.product-type.app-extension";
		};
		A4CD4FC51EF818310029923A /* SiriKitIntentsExtensionUI */ = {
			isa = PBXNativeTarget;
			buildConfigurationList = A4CD4FD81EF818310029923A /* Build configuration list for PBXNativeTarget "SiriKitIntentsExtensionUI" */;
			buildPhases = (
				A4CD4FC21EF818310029923A /* Sources */,
				A4CD4FC31EF818310029923A /* Frameworks */,
				A4CD4FC41EF818310029923A /* Resources */,
			);
			buildRules = (
			);
			dependencies = (
			);
			name = SiriKitIntentsExtensionUI;
			productName = SiriKitIntentsExtensionUI;
			productReference = A4CD4FC61EF818310029923A /* SiriKitIntentsExtensionUI.appex */;
			productType = "com.apple.product-type.app-extension";
		};
/* End PBXNativeTarget section */

/* Begin PBXProject section */
		A4CD4F681EF814400029923A /* Project object */ = {
			isa = PBXProject;
			attributes = {
				LastUpgradeCheck = 0830;
				ORGANIZATIONNAME = Cain;
				TargetAttributes = {
					A4CD4F6F1EF814400029923A = {
						CreatedOnToolsVersion = 8.3.3;
						ProvisioningStyle = Automatic;
					};
					A4CD4F881EF814400029923A = {
						CreatedOnToolsVersion = 8.3.3;
						ProvisioningStyle = Automatic;
						TestTargetID = A4CD4F6F1EF814400029923A;
					};
					A4CD4F931EF814400029923A = {
						CreatedOnToolsVersion = 8.3.3;
						ProvisioningStyle = Automatic;
						TestTargetID = A4CD4F6F1EF814400029923A;
					};
					A4CD4FBB1EF818300029923A = {
						CreatedOnToolsVersion = 8.3.3;
						ProvisioningStyle = Automatic;
					};
					A4CD4FC51EF818310029923A = {
						CreatedOnToolsVersion = 8.3.3;
						ProvisioningStyle = Automatic;
					};
				};
			};
			buildConfigurationList = A4CD4F6B1EF814400029923A /* Build configuration list for PBXProject "SiriKitSimple" */;
			compatibilityVersion = "Xcode 3.2";
			developmentRegion = English;
			hasScannedForEncodings = 0;
			knownRegions = (
				en,
				Base,
			);
			mainGroup = A4CD4F671EF814400029923A;
			productRefGroup = A4CD4F711EF814400029923A /* Products */;
			projectDirPath = "";
			projectRoot = "";
			targets = (
				A4CD4F6F1EF814400029923A /* SiriKitSimple */,
				A4CD4F881EF814400029923A /* SiriKitSimpleTests */,
				A4CD4F931EF814400029923A /* SiriKitSimpleUITests */,
				A4CD4FBB1EF818300029923A /* SiriKitIntentsExtension */,
				A4CD4FC51EF818310029923A /* SiriKitIntentsExtensionUI */,
			);
		};
/* End PBXProject section */

/* Begin PBXResourcesBuildPhase section */
		A4CD4F6E1EF814400029923A /* Resources */ = {
			isa = PBXResourcesBuildPhase;
			buildActionMask = 2147483647;
			files = (
				A4CD4FB21EF814720029923A /* Info.plist in Resources */,
				A4CD4FB01EF814720029923A /* Assets.xcassets in Resources */,
				A4CD4FB11EF814720029923A /* LaunchScreen.storyboard in Resources */,
			);
			runOnlyForDeploymentPostprocessing = 0;
		};
		A4CD4F871EF814400029923A /* Resources */ = {
			isa = PBXResourcesBuildPhase;
			buildActionMask = 2147483647;
			files = (
			);
			runOnlyForDeploymentPostprocessing = 0;
		};
		A4CD4F921EF814400029923A /* Resources */ = {
			isa = PBXResourcesBuildPhase;
			buildActionMask = 2147483647;
			files = (
			);
			runOnlyForDeploymentPostprocessing = 0;
		};
		A4CD4FBA1EF818300029923A /* Resources */ = {
			isa = PBXResourcesBuildPhase;
			buildActionMask = 2147483647;
			files = (
				A451FF221EF8E8630092B699 /* Assets.xcassets in Resources */,
			);
			runOnlyForDeploymentPostprocessing = 0;
		};
		A4CD4FC41EF818310029923A /* Resources */ = {
			isa = PBXResourcesBuildPhase;
			buildActionMask = 2147483647;
			files = (
				A451FF211EF8E8540092B699 /* Assets.xcassets in Resources */,
				A4CD4FD01EF818310029923A /* MainInterface.storyboard in Resources */,
			);
			runOnlyForDeploymentPostprocessing = 0;
		};
/* End PBXResourcesBuildPhase section */

/* Begin PBXSourcesBuildPhase section */
		A4CD4F6C1EF814400029923A /* Sources */ = {
			isa = PBXSourcesBuildPhase;
			buildActionMask = 2147483647;
			files = (
				A4CD4FE21EF819BE0029923A /* UserList.m in Sources */,
				A4CD4FAF1EF814720029923A /* AppDelegate.m in Sources */,
				A4CD4FB71EF814B30029923A /* SiriKitViewController.m in Sources */,
				A4CD4F751EF814400029923A /* main.m in Sources */,
				A4CD4FE61EF8268D0029923A /* NSString+PinYin.m in Sources */,
			);
			runOnlyForDeploymentPostprocessing = 0;
		};
		A4CD4F851EF814400029923A /* Sources */ = {
			isa = PBXSourcesBuildPhase;
			buildActionMask = 2147483647;
			files = (
				A4CD4F8E1EF814400029923A /* SiriKitSimpleTests.m in Sources */,
			);
			runOnlyForDeploymentPostprocessing = 0;
		};
		A4CD4F901EF814400029923A /* Sources */ = {
			isa = PBXSourcesBuildPhase;
			buildActionMask = 2147483647;
			files = (
				A4CD4F991EF814400029923A /* SiriKitSimpleUITests.m in Sources */,
			);
			runOnlyForDeploymentPostprocessing = 0;
		};
		A4CD4FB81EF818300029923A /* Sources */ = {
			isa = PBXSourcesBuildPhase;
			buildActionMask = 2147483647;
			files = (
				A4CD4FEB1EF82CFF0029923A /* NSString+PinYin.m in Sources */,
				A4CD4FEC1EF82CFF0029923A /* UserList.m in Sources */,
				A4CD4FC01EF818300029923A /* IntentHandler.m in Sources */,
			);
			runOnlyForDeploymentPostprocessing = 0;
		};
		A4CD4FC21EF818310029923A /* Sources */ = {
			isa = PBXSourcesBuildPhase;
			buildActionMask = 2147483647;
			files = (
				A4CD4FED1EF82D090029923A /* NSString+PinYin.m in Sources */,
				A4CD4FEE1EF82D090029923A /* UserList.m in Sources */,
				A4CD4FCD1EF818310029923A /* IntentViewController.m in Sources */,
			);
			runOnlyForDeploymentPostprocessing = 0;
		};
/* End PBXSourcesBuildPhase section */

/* Begin PBXTargetDependency section */
		A4CD4F8B1EF814400029923A /* PBXTargetDependency */ = {
			isa = PBXTargetDependency;
			target = A4CD4F6F1EF814400029923A /* SiriKitSimple */;
			targetProxy = A4CD4F8A1EF814400029923A /* PBXContainerItemProxy */;
		};
		A4CD4F961EF814400029923A /* PBXTargetDependency */ = {
			isa = PBXTargetDependency;
			target = A4CD4F6F1EF814400029923A /* SiriKitSimple */;
			targetProxy = A4CD4F951EF814400029923A /* PBXContainerItemProxy */;
		};
		A4CD4FD31EF818310029923A /* PBXTargetDependency */ = {
			isa = PBXTargetDependency;
			target = A4CD4FC51EF818310029923A /* SiriKitIntentsExtensionUI */;
			targetProxy = A4CD4FD21EF818310029923A /* PBXContainerItemProxy */;
		};
		A4CD4FD61EF818310029923A /* PBXTargetDependency */ = {
			isa = PBXTargetDependency;
			target = A4CD4FBB1EF818300029923A /* SiriKitIntentsExtension */;
			targetProxy = A4CD4FD51EF818310029923A /* PBXContainerItemProxy */;
		};
/* End PBXTargetDependency section */

/* Begin PBXVariantGroup section */
		A4CD4FAC1EF814720029923A /* LaunchScreen.storyboard */ = {
			isa = PBXVariantGroup;
			children = (
				A4CD4FAD1EF814720029923A /* Base */,
			);
			name = LaunchScreen.storyboard;
			sourceTree = "<group>";
		};
		A4CD4FCE1EF818310029923A /* MainInterface.storyboard */ = {
			isa = PBXVariantGroup;
			children = (
				A4CD4FCF1EF818310029923A /* Base */,
			);
			name = MainInterface.storyboard;
			sourceTree = "<group>";
		};
/* End PBXVariantGroup section */

/* Begin XCBuildConfiguration section */
		A4CD4F9B1EF814400029923A /* Debug */ = {
			isa = XCBuildConfiguration;
			buildSettings = {
				ALWAYS_SEARCH_USER_PATHS = NO;
				CLANG_ANALYZER_NONNULL = YES;
				CLANG_ANALYZER_NUMBER_OBJECT_CONVERSION = YES_AGGRESSIVE;
				CLANG_CXX_LANGUAGE_STANDARD = "gnu++0x";
				CLANG_CXX_LIBRARY = "libc++";
				CLANG_ENABLE_MODULES = YES;
				CLANG_ENABLE_OBJC_ARC = YES;
				CLANG_WARN_BOOL_CONVERSION = YES;
				CLANG_WARN_CONSTANT_CONVERSION = YES;
				CLANG_WARN_DIRECT_OBJC_ISA_USAGE = YES_ERROR;
				CLANG_WARN_DOCUMENTATION_COMMENTS = YES;
				CLANG_WARN_EMPTY_BODY = YES;
				CLANG_WARN_ENUM_CONVERSION = YES;
				CLANG_WARN_INFINITE_RECURSION = YES;
				CLANG_WARN_INT_CONVERSION = YES;
				CLANG_WARN_OBJC_ROOT_CLASS = YES_ERROR;
				CLANG_WARN_SUSPICIOUS_MOVE = YES;
				CLANG_WARN_UNREACHABLE_CODE = YES;
				CLANG_WARN__DUPLICATE_METHOD_MATCH = YES;
				"CODE_SIGN_IDENTITY[sdk=iphoneos*]" = "iPhone Developer";
				COPY_PHASE_STRIP = NO;
				DEBUG_INFORMATION_FORMAT = dwarf;
				ENABLE_STRICT_OBJC_MSGSEND = YES;
				ENABLE_TESTABILITY = YES;
				GCC_C_LANGUAGE_STANDARD = gnu99;
				GCC_DYNAMIC_NO_PIC = NO;
				GCC_NO_COMMON_BLOCKS = YES;
				GCC_OPTIMIZATION_LEVEL = 0;
				GCC_PREPROCESSOR_DEFINITIONS = (
					"DEBUG=1",
					"$(inherited)",
				);
				GCC_WARN_64_TO_32_BIT_CONVERSION = YES;
				GCC_WARN_ABOUT_RETURN_TYPE = YES_ERROR;
				GCC_WARN_UNDECLARED_SELECTOR = YES;
				GCC_WARN_UNINITIALIZED_AUTOS = YES_AGGRESSIVE;
				GCC_WARN_UNUSED_FUNCTION = YES;
				GCC_WARN_UNUSED_VARIABLE = YES;
				IPHONEOS_DEPLOYMENT_TARGET = 10.3;
				MTL_ENABLE_DEBUG_INFO = YES;
				ONLY_ACTIVE_ARCH = YES;
				SDKROOT = iphoneos;
				TARGETED_DEVICE_FAMILY = "1,2";
			};
			name = Debug;
		};
		A4CD4F9C1EF814400029923A /* Release */ = {
			isa = XCBuildConfiguration;
			buildSettings = {
				ALWAYS_SEARCH_USER_PATHS = NO;
				CLANG_ANALYZER_NONNULL = YES;
				CLANG_ANALYZER_NUMBER_OBJECT_CONVERSION = YES_AGGRESSIVE;
				CLANG_CXX_LANGUAGE_STANDARD = "gnu++0x";
				CLANG_CXX_LIBRARY = "libc++";
				CLANG_ENABLE_MODULES = YES;
				CLANG_ENABLE_OBJC_ARC = YES;
				CLANG_WARN_BOOL_CONVERSION = YES;
				CLANG_WARN_CONSTANT_CONVERSION = YES;
				CLANG_WARN_DIRECT_OBJC_ISA_USAGE = YES_ERROR;
				CLANG_WARN_DOCUMENTATION_COMMENTS = YES;
				CLANG_WARN_EMPTY_BODY = YES;
				CLANG_WARN_ENUM_CONVERSION = YES;
				CLANG_WARN_INFINITE_RECURSION = YES;
				CLANG_WARN_INT_CONVERSION = YES;
				CLANG_WARN_OBJC_ROOT_CLASS = YES_ERROR;
				CLANG_WARN_SUSPICIOUS_MOVE = YES;
				CLANG_WARN_UNREACHABLE_CODE = YES;
				CLANG_WARN__DUPLICATE_METHOD_MATCH = YES;
				"CODE_SIGN_IDENTITY[sdk=iphoneos*]" = "iPhone Developer";
				COPY_PHASE_STRIP = NO;
				DEBUG_INFORMATION_FORMAT = "dwarf-with-dsym";
				ENABLE_NS_ASSERTIONS = NO;
				ENABLE_STRICT_OBJC_MSGSEND = YES;
				GCC_C_LANGUAGE_STANDARD = gnu99;
				GCC_NO_COMMON_BLOCKS = YES;
				GCC_WARN_64_TO_32_BIT_CONVERSION = YES;
				GCC_WARN_ABOUT_RETURN_TYPE = YES_ERROR;
				GCC_WARN_UNDECLARED_SELECTOR = YES;
				GCC_WARN_UNINITIALIZED_AUTOS = YES_AGGRESSIVE;
				GCC_WARN_UNUSED_FUNCTION = YES;
				GCC_WARN_UNUSED_VARIABLE = YES;
				IPHONEOS_DEPLOYMENT_TARGET = 10.3;
				MTL_ENABLE_DEBUG_INFO = NO;
				SDKROOT = iphoneos;
				TARGETED_DEVICE_FAMILY = "1,2";
				VALIDATE_PRODUCT = YES;
			};
			name = Release;
		};
		A4CD4F9E1EF814400029923A /* Debug */ = {
			isa = XCBuildConfiguration;
			buildSettings = {
				ASSETCATALOG_COMPILER_APPICON_NAME = AppIcon;
				INFOPLIST_FILE = "$(SRCROOT)/SiriKitSimple/Resource/Info.plist";
				LD_RUNPATH_SEARCH_PATHS = "$(inherited) @executable_path/Frameworks";
				OTHER_LDFLAGS = "-ObjC";
				PRODUCT_BUNDLE_IDENTIFIER = com.cain.SiriKitSimple;
				PRODUCT_NAME = "$(TARGET_NAME)";
			};
			name = Debug;
		};
		A4CD4F9F1EF814400029923A /* Release */ = {
			isa = XCBuildConfiguration;
			buildSettings = {
				ASSETCATALOG_COMPILER_APPICON_NAME = AppIcon;
				INFOPLIST_FILE = "$(SRCROOT)/SiriKitSimple/Resource/Info.plist";
				LD_RUNPATH_SEARCH_PATHS = "$(inherited) @executable_path/Frameworks";
				OTHER_LDFLAGS = "-ObjC";
				PRODUCT_BUNDLE_IDENTIFIER = com.cain.SiriKitSimple;
				PRODUCT_NAME = "$(TARGET_NAME)";
			};
			name = Release;
		};
		A4CD4FA11EF814400029923A /* Debug */ = {
			isa = XCBuildConfiguration;
			buildSettings = {
				BUNDLE_LOADER = "$(TEST_HOST)";
				INFOPLIST_FILE = SiriKitSimpleTests/Info.plist;
				LD_RUNPATH_SEARCH_PATHS = "$(inherited) @executable_path/Frameworks @loader_path/Frameworks";
				PRODUCT_BUNDLE_IDENTIFIER = com.cain.SiriKitSimpleTests;
				PRODUCT_NAME = "$(TARGET_NAME)";
				TEST_HOST = "$(BUILT_PRODUCTS_DIR)/SiriKitSimple.app/SiriKitSimple";
			};
			name = Debug;
		};
		A4CD4FA21EF814400029923A /* Release */ = {
			isa = XCBuildConfiguration;
			buildSettings = {
				BUNDLE_LOADER = "$(TEST_HOST)";
				INFOPLIST_FILE = SiriKitSimpleTests/Info.plist;
				LD_RUNPATH_SEARCH_PATHS = "$(inherited) @executable_path/Frameworks @loader_path/Frameworks";
				PRODUCT_BUNDLE_IDENTIFIER = com.cain.SiriKitSimpleTests;
				PRODUCT_NAME = "$(TARGET_NAME)";
				TEST_HOST = "$(BUILT_PRODUCTS_DIR)/SiriKitSimple.app/SiriKitSimple";
			};
			name = Release;
		};
		A4CD4FA41EF814400029923A /* Debug */ = {
			isa = XCBuildConfiguration;
			buildSettings = {
				INFOPLIST_FILE = SiriKitSimpleUITests/Info.plist;
				LD_RUNPATH_SEARCH_PATHS = "$(inherited) @executable_path/Frameworks @loader_path/Frameworks";
				PRODUCT_BUNDLE_IDENTIFIER = com.cain.SiriKitSimpleUITests;
				PRODUCT_NAME = "$(TARGET_NAME)";
				TEST_TARGET_NAME = SiriKitSimple;
			};
			name = Debug;
		};
		A4CD4FA51EF814400029923A /* Release */ = {
			isa = XCBuildConfiguration;
			buildSettings = {
				INFOPLIST_FILE = SiriKitSimpleUITests/Info.plist;
				LD_RUNPATH_SEARCH_PATHS = "$(inherited) @executable_path/Frameworks @loader_path/Frameworks";
				PRODUCT_BUNDLE_IDENTIFIER = com.cain.SiriKitSimpleUITests;
				PRODUCT_NAME = "$(TARGET_NAME)";
				TEST_TARGET_NAME = SiriKitSimple;
			};
			name = Release;
		};
		A4CD4FD91EF818310029923A /* Debug */ = {
			isa = XCBuildConfiguration;
			buildSettings = {
				INFOPLIST_FILE = SiriKitIntentsExtensionUI/Info.plist;
				LD_RUNPATH_SEARCH_PATHS = "$(inherited) @executable_path/Frameworks @executable_path/../../Frameworks";
				OTHER_LDFLAGS = "-ObjC";
				PRODUCT_BUNDLE_IDENTIFIER = com.cain.SiriKitSimple.SiriKitIntentsExtensionUI;
				PRODUCT_NAME = "$(TARGET_NAME)";
				SKIP_INSTALL = YES;
			};
			name = Debug;
		};
		A4CD4FDA1EF818310029923A /* Release */ = {
			isa = XCBuildConfiguration;
			buildSettings = {
				INFOPLIST_FILE = SiriKitIntentsExtensionUI/Info.plist;
				LD_RUNPATH_SEARCH_PATHS = "$(inherited) @executable_path/Frameworks @executable_path/../../Frameworks";
				OTHER_LDFLAGS = "-ObjC";
				PRODUCT_BUNDLE_IDENTIFIER = com.cain.SiriKitSimple.SiriKitIntentsExtensionUI;
				PRODUCT_NAME = "$(TARGET_NAME)";
				SKIP_INSTALL = YES;
			};
			name = Release;
		};
		A4CD4FDC1EF818310029923A /* Debug */ = {
			isa = XCBuildConfiguration;
			buildSettings = {
				INFOPLIST_FILE = SiriKitIntentsExtension/Info.plist;
				LD_RUNPATH_SEARCH_PATHS = "$(inherited) @executable_path/Frameworks @executable_path/../../Frameworks";
				OTHER_LDFLAGS = "-ObjC";
				PRODUCT_BUNDLE_IDENTIFIER = com.cain.SiriKitSimple.SiriKitIntentsExtension;
				PRODUCT_NAME = "$(TARGET_NAME)";
				SKIP_INSTALL = YES;
			};
			name = Debug;
		};
		A4CD4FDD1EF818310029923A /* Release */ = {
			isa = XCBuildConfiguration;
			buildSettings = {
				INFOPLIST_FILE = SiriKitIntentsExtension/Info.plist;
				LD_RUNPATH_SEARCH_PATHS = "$(inherited) @executable_path/Frameworks @executable_path/../../Frameworks";
				OTHER_LDFLAGS = "-ObjC";
				PRODUCT_BUNDLE_IDENTIFIER = com.cain.SiriKitSimple.SiriKitIntentsExtension;
				PRODUCT_NAME = "$(TARGET_NAME)";
				SKIP_INSTALL = YES;
			};
			name = Release;
		};
/* End XCBuildConfiguration section */

/* Begin XCConfigurationList section */
		A4CD4F6B1EF814400029923A /* Build configuration list for PBXProject "SiriKitSimple" */ = {
			isa = XCConfigurationList;
			buildConfigurations = (
				A4CD4F9B1EF814400029923A /* Debug */,
				A4CD4F9C1EF814400029923A /* Release */,
			);
			defaultConfigurationIsVisible = 0;
			defaultConfigurationName = Release;
		};
		A4CD4F9D1EF814400029923A /* Build configuration list for PBXNativeTarget "SiriKitSimple" */ = {
			isa = XCConfigurationList;
			buildConfigurations = (
				A4CD4F9E1EF814400029923A /* Debug */,
				A4CD4F9F1EF814400029923A /* Release */,
			);
			defaultConfigurationIsVisible = 0;
			defaultConfigurationName = Release;
		};
		A4CD4FA01EF814400029923A /* Build configuration list for PBXNativeTarget "SiriKitSimpleTests" */ = {
			isa = XCConfigurationList;
			buildConfigurations = (
				A4CD4FA11EF814400029923A /* Debug */,
				A4CD4FA21EF814400029923A /* Release */,
			);
			defaultConfigurationIsVisible = 0;
			defaultConfigurationName = Release;
		};
		A4CD4FA31EF814400029923A /* Build configuration list for PBXNativeTarget "SiriKitSimpleUITests" */ = {
			isa = XCConfigurationList;
			buildConfigurations = (
				A4CD4FA41EF814400029923A /* Debug */,
				A4CD4FA51EF814400029923A /* Release */,
			);
			defaultConfigurationIsVisible = 0;
			defaultConfigurationName = Release;
		};
		A4CD4FD81EF818310029923A /* Build configuration list for PBXNativeTarget "SiriKitIntentsExtensionUI" */ = {
			isa = XCConfigurationList;
			buildConfigurations = (
				A4CD4FD91EF818310029923A /* Debug */,
				A4CD4FDA1EF818310029923A /* Release */,
			);
			defaultConfigurationIsVisible = 0;
			defaultConfigurationName = Release;
		};
		A4CD4FDB1EF818310029923A /* Build configuration list for PBXNativeTarget "SiriKitIntentsExtension" */ = {
			isa = XCConfigurationList;
			buildConfigurations = (
				A4CD4FDC1EF818310029923A /* Debug */,
				A4CD4FDD1EF818310029923A /* Release */,
			);
			defaultConfigurationIsVisible = 0;
			defaultConfigurationName = Release;
		};
/* End XCConfigurationList section */
	};
	rootObject = A4CD4F681EF814400029923A /* Project object */;
}
